
Microsoft Visual Studio Solution File, Format Version 12.00
# Visual Studio Version 17
VisualStudioVersion = 17.7.34009.444
MinimumVisualStudioVersion = 10.0.40219.1
Project("{9A19103F-16F7-4668-BE54-9A1E7A4F7556}") = "MvcMovie", "MvcMovie\MvcMovie.csproj", "{8B1C4058-4DA1-4257-AC97-AD0767EDCE2D}"
EndProject
Global
	GlobalSection(SolutionConfigurationPlatforms) = preSolution
		Debug|Any CPU = Debug|Any CPU
		Release|Any CPU = Release|Any CPU
	EndGlobalSection
	GlobalSection(ProjectConfigurationPlatforms) = postSolution
		{8B1C4058-4DA1-4257-AC97-AD0767EDCE2D}.Debug|Any CPU.ActiveCfg = Debug|Any CPU
		{8B1C4058-4DA1-4257-AC97-AD0767EDCE2D}.Debug|Any CPU.Build.0 = Debug|Any CPU
		{8B1C4058-4DA1-4257-AC97-AD0767EDCE2D}.Release|Any CPU.ActiveCfg = Release|Any CPU
		{8B1C4058-4DA1-4257-AC97-AD0767EDCE2D}.Release|Any CPU.Build.0 = Release|Any CPU
	EndGlobalSection
	GlobalSection(SolutionProperties) = preSolution
		HideSolutionNode = FALSE
	EndGlobalSection
	GlobalSection(ExtensibilityGlobals) = postSolution
		SolutionGuid = {D2C31E3A-EC07-42CC-91C5-253EA6583A31}
	EndGlobalSection
EndGlobal
